# This file is automatically @generated by Cargo.
# It is not intended for manual editing.
version = 4

[[package]]
name = "aarch64-cpu"
version = "11.2.0"
dependencies = [
 "tock-registers",
]

[[package]]
name = "aarch64-rt"
version = "0.4.0"
source = "registry+https://github.com/rust-lang/crates.io-index"
checksum = "b64de198c6b65a80f7b8e799c2c9b957de30ef161d676bbc4b52943313bc4f27"

[[package]]
name = "armv8-r"
version = "0.0.0"
dependencies = [
 "aarch64-cpu",
 "aarch64-rt",
 "semihosting",
]

[[package]]
name = "semihosting"
version = "0.1.24"
source = "registry+https://github.com/rust-lang/crates.io-index"
checksum = "e896488941756e5de3ee8449495464dbbf2201c85d2d1ace47d4fb81c74b99ec"

[[package]]
name = "tock-registers"
version = "0.10.1"
source = "registry+https://github.com/rust-lang/crates.io-index"
checksum = "8d2d250f87fb3fb6f225c907cf54381509f47b40b74b1d1f12d2dccbc915bdfe"
