# This file is automatically @generated by Cargo.
# It is not intended for manual editing.
version = 4

[[package]]
name = "aarch64-cpu"
version = "11.2.0"
dependencies = [
 "arm-targets",
 "critical-section",
 "tock-registers",
]

[[package]]
name = "aarch64-pmsa-rt"
version = "0.1.0"
dependencies = [
 "aarch64-cpu",
]

[[package]]
name = "arm-fvp-base-pac"
version = "0.4.0"
source = "registry+https://github.com/rust-lang/crates.io-index"
checksum = "de17d56b7c436c38eaa33b9b9debd4ebb4edac29e5bb8dbc0e0c17ad378a64c6"
dependencies = [
 "arm-generic-timer",
 "arm-gic",
 "arm-pl011-uart",
 "arm-sp805",
 "arm-tzc",
 "bitflags 2.13.2",
 "safe-mmio",
 "spin",
 "zerocopy",
]

[[package]]
name = "arm-generic-timer"
version = "0.3.1"
source = "registry+https://github.com/rust-lang/crates.io-index"
checksum = "68dbd1febf2fb4eadafc65a69c3bf0875115d95c1b73639068807df3bb187830"
dependencies = [
 "arm-sysregs",
 "bitflags 2.13.2",
 "embedded-hal",
 "embedded-hal-timer",
 "safe-mmio",
 "zerocopy",
]

[[package]]
name = "arm-gic"
version = "0.10.0"
source = "registry+https://github.com/rust-lang/crates.io-index"
checksum = "aae38b5192f8463cef6c94ec9804774c2b106b16b0bb7c41401f9457d5e99229"
dependencies = [
 "arm-sysregs",
 "bitflags 2.13.2",
 "safe-mmio",
 "thiserror",
 "zerocopy",
]

[[package]]
name = "arm-pl011-uart"
version = "0.5.1"
source = "registry+https://github.com/rust-lang/crates.io-index"
checksum = "da0601ab96b18e55589d286dc635d1aac547e266aeaf3393813bb37c79318a71"
dependencies = [
 "bitflags 2.13.2",
 "embedded-hal-nb",
 "embedded-io",
 "safe-mmio",
 "thiserror",
 "zerocopy",
]

[[package]]
name = "arm-sp805"
version = "0.2.1"
source = "registry+https://github.com/rust-lang/crates.io-index"
checksum = "a973638999d9c50b4255e5d1b4c498c6aea297f897d9812a68ff7e447681f014"
dependencies = [
 "bitflags 2.13.2",
 "safe-mmio",
 "zerocopy",
]

[[package]]
name = "arm-sysregs"
version = "0.5.1"
source = "registry+https://github.com/rust-lang/crates.io-index"
checksum = "eea2d77c3eac6be0a300ba179e7bf051ffaec797c39dee0b631c21668b12e1f3"
dependencies = [
 "arm-sysregs-aarch32",
 "arm-sysregs-common",
 "arm-sysregs-el0",
 "arm-sysregs-el1",
]

[[package]]
name = "arm-sysregs-aarch32"
version = "0.5.1"
source = "registry+https://github.com/rust-lang/crates.io-index"
checksum = "aeac85b36432f9427827c31c2da2b42fe4928e35b3dbedbe9c9ded5e4d013789"
dependencies = [
 "arm-sysregs-common",
 "bitflags 2.13.2",
]

[[package]]
name = "arm-sysregs-common"
version = "0.5.1"
source = "registry+https://github.com/rust-lang/crates.io-index"
checksum = "11447113c834b1cb206262297477a467c090a3768765bef861858b6098dcac39"
dependencies = [
 "num_enum",
 "pastey",
]

[[package]]
name = "arm-sysregs-el0"
version = "0.5.1"
source = "registry+https://github.com/rust-lang/crates.io-index"
checksum = "a680f4741d246b3f72f977da72f7df76cb9c3227e565acad801ca3c504947d92"
dependencies = [
 "arm-sysregs-aarch32",
 "arm-sysregs-common",
 "bitflags 2.13.2",
]

[[package]]
name = "arm-sysregs-el1"
version = "0.5.1"
source = "registry+https://github.com/rust-lang/crates.io-index"
checksum = "5dcc832aff5e63bad65c4cdcb17a7a5c07a711a4ce365d7a69785efb3a64fc47"
dependencies = [
 "arm-sysregs-common",
 "arm-sysregs-el0",
 "bitflags 2.13.2",
]

[[package]]
name = "arm-targets"
version = "0.4.1"
source = "registry+https://github.com/rust-lang/crates.io-index"
checksum = "639ca04328cd85faa54abaa192026d86fe49e278717820c2e92baa232ea7b0ec"

[[package]]
name = "arm-tzc"
version = "0.2.1"
source = "registry+https://github.com/rust-lang/crates.io-index"
checksum = "024e9392429e7446ba6f5122047754078aa48024f5ee81d41592f991419b27d1"
dependencies = [
 "bitflags 2.13.2",
 "safe-mmio",
 "zerocopy",
]

[[package]]
name = "armv8-r"
version = "0.0.0"
dependencies = [
 "aarch64-cpu",
 "aarch64-pmsa-rt",
 "arm-fvp-base-pac",
 "arm-generic-timer",
 "arm-gic",
 "critical-section",
 "defmt",
 "semihosting",
 "tock-registers",
]

[[package]]
name = "bitflags"
version = "1.3.2"
source = "registry+https://github.com/rust-lang/crates.io-index"
checksum = "bef38d45163c2f1dde094a7dfd33ccf595c92905c8f8f4fdc18d06fb1037718a"

[[package]]
name = "bitflags"
version = "2.13.2"
source = "registry+https://github.com/rust-lang/crates.io-index"
checksum = "3ded4057c258ba199e2d26386d3af3780957ecaee6c4ef4041c6b4b8b97c0b06"

[[package]]
name = "critical-section"
version = "1.2.0"
source = "registry+https://github.com/rust-lang/crates.io-index"
checksum = "790eea4361631c5e7d22598ecd5723ff611904e3344ce8720784c93e3d83d40b"

[[package]]
name = "defmt"
version = "1.0.1"
source = "registry+https://github.com/rust-lang/crates.io-index"
checksum = "548d977b6da32fa1d1fda2876453da1e7df63ad0304c8b3dae4dbe7b96f39b78"
dependencies = [
 "bitflags 1.3.2",
 "defmt-macros",
]

[[package]]
name = "defmt-macros"
version = "1.0.1"
source = "registry+https://github.com/rust-lang/crates.io-index"
checksum = "3d4fc12a85bcf441cfe44344c4b72d58493178ce635338a3f3b78943aceb258e"
dependencies = [
 "defmt-parser",
 "proc-macro-error2",
 "proc-macro2",
 "quote",
 "syn 2.0.117",
]

[[package]]
name = "defmt-parser"
version = "1.0.0"
source = "registry+https://github.com/rust-lang/crates.io-index"
checksum = "10d60334b3b2e7c9d91ef8150abfb6fa4c1c39ebbcf4a81c2e346aad939fee3e"
dependencies = [
 "thiserror",
]

[[package]]
name = "embedded-hal"
version = "1.0.0"
source = "registry+https://github.com/rust-lang/crates.io-index"
checksum = "361a90feb7004eca4019fb28352a9465666b24f840f5c3cddf0ff13920590b89"

[[package]]
name = "embedded-hal-nb"
version = "1.0.0"
source = "registry+https://github.com/rust-lang/crates.io-index"
checksum = "fba4268c14288c828995299e59b12babdbe170f6c6d73731af1b4648142e8605"
dependencies = [
 "embedded-hal",
 "nb",
]

[[package]]
name = "embedded-hal-timer"
version = "0.2.0"
source = "registry+https://github.com/rust-lang/crates.io-index"
checksum = "b10185c0db21e306e154126b7b38fcb8de3d966c9c10de42afb2b9e8282662ba"

[[package]]
name = "embedded-io"
version = "0.7.1"
source = "registry+https://github.com/rust-lang/crates.io-index"
checksum = "9eb1aa714776b75c7e67e1da744b81a129b3ff919c8712b5e1b32252c1f07cc7"

[[package]]
name = "nb"
version = "1.1.0"
source = "registry+https://github.com/rust-lang/crates.io-index"
checksum = "8d5439c4ad607c3c23abf66de8c8bf57ba8adcd1f129e699851a6e43935d339d"

[[package]]
name = "num_enum"
version = "0.7.6"
source = "registry+https://github.com/rust-lang/crates.io-index"
checksum = "5d0bca838442ec211fa11de3a8b0e0e8f3a4522575b5c4c06ed722e005036f26"
dependencies = [
 "num_enum_derive",
 "rustversion",
]

[[package]]
name = "num_enum_derive"
version = "0.7.6"
source = "registry+https://github.com/rust-lang/crates.io-index"
checksum = "680998035259dcfcafe653688bf2aa6d3e2dc05e98be6ab46afb089dc84f1df8"
dependencies = [
 "proc-macro2",
 "quote",
 "syn 2.0.117",
]

[[package]]
name = "pastey"
version = "0.2.3"
source = "registry+https://github.com/rust-lang/crates.io-index"
checksum = "2ee67f1008b1ba2321834326597b8e186293b049a023cdef258527550b9935b4"

[[package]]
name = "proc-macro-error-attr2"
version = "2.0.0"
source = "registry+https://github.com/rust-lang/crates.io-index"
checksum = "96de42df36bb9bba5542fe9f1a054b8cc87e172759a1868aa05c1f3acc89dfc5"
dependencies = [
 "proc-macro2",
 "quote",
]

[[package]]
name = "proc-macro-error2"
version = "2.0.1"
source = "registry+https://github.com/rust-lang/crates.io-index"
checksum = "11ec05c52be0a07b08061f7dd003e7d7092e0472bc731b4af7bb1ef876109802"
dependencies = [
 "proc-macro-error-attr2",
 "proc-macro2",
 "quote",
 "syn 2.0.117",
]

[[package]]
name = "proc-macro2"
version = "1.0.106"
source = "registry+https://github.com/rust-lang/crates.io-index"
checksum = "8fd00f0bb2e90d81d1044c2b32617f68fcb9fa3bb7640c23e9c748e53fb30934"
dependencies = [
 "unicode-ident",
]

[[package]]
name = "quote"
version = "1.0.44"
source = "registry+https://github.com/rust-lang/crates.io-index"
checksum = "21b2ebcf727b7760c461f091f9f0f539b77b8e87f2fd88131e7f1b433b3cece4"
dependencies = [
 "proc-macro2",
]

[[package]]
name = "rustversion"
version = "1.0.23"
source = "registry+https://github.com/rust-lang/crates.io-index"
checksum = "cf54715a573b99ac80df0bc206da022bcd442c974952c7b9720069370852e21f"

[[package]]
name = "safe-mmio"
version = "0.3.2"
source = "registry+https://github.com/rust-lang/crates.io-index"
checksum = "e885ed64c91774b671612cb99dda2ede3738b0aa2d39a85a1471b20bf09eabe0"
dependencies = [
 "zerocopy",
]

[[package]]
name = "semihosting"
version = "0.1.24"
source = "registry+https://github.com/rust-lang/crates.io-index"
checksum = "e896488941756e5de3ee8449495464dbbf2201c85d2d1ace47d4fb81c74b99ec"

[[package]]
name = "spin"
version = "0.12.3"
source = "registry+https://github.com/rust-lang/crates.io-index"
checksum = "0134f9043ed38b087ac4f7d4af44c79e2c9e5094421fe3164f435ce585953b10"

[[package]]
name = "syn"
version = "2.0.117"
source = "registry+https://github.com/rust-lang/crates.io-index"
checksum = "e665b8803e7b1d2a727f4023456bbbbe74da67099c585258af0ad9c5013b9b99"
dependencies = [
 "proc-macro2",
 "quote",
 "unicode-ident",
]

[[package]]
name = "syn"
version = "3.0.6"
source = "registry+https://github.com/rust-lang/crates.io-index"
checksum = "8593e8e72159ed2257d083c7a454a85cbf854f37a0966d8d483aff8c8a3ebcee"
dependencies = [
 "proc-macro2",
 "quote",
 "unicode-ident",
]

[[package]]
name = "thiserror"
version = "2.0.21"
source = "registry+https://github.com/rust-lang/crates.io-index"
checksum = "09e52cb86a36cede5cb101bf8908837b3e4c6e5e59fe7fd85c23fb56200d189e"
dependencies = [
 "thiserror-impl",
]

[[package]]
name = "thiserror-impl"
version = "2.0.21"
source = "registry+https://github.com/rust-lang/crates.io-index"
checksum = "fe5197923287db20a58125f0bc85c062f7f2c892de97b18c356f9efb14b28524"
dependencies = [
 "proc-macro2",
 "quote",
 "syn 3.0.6",
]

[[package]]
name = "tock-registers"
version = "0.10.1"
source = "registry+https://github.com/rust-lang/crates.io-index"
checksum = "8d2d250f87fb3fb6f225c907cf54381509f47b40b74b1d1f12d2dccbc915bdfe"

[[package]]
name = "unicode-ident"
version = "1.0.24"
source = "registry+https://github.com/rust-lang/crates.io-index"
checksum = "e6e4313cd5fcd3dad5cafa179702e2b244f760991f45397d14d4ebf38247da75"

[[package]]
name = "zerocopy"
version = "0.8.60"
source = "registry+https://github.com/rust-lang/crates.io-index"
checksum = "6400fc4bb7426f6faac3fb07566122bb18622e3022bd2c36426a92ed489b1dbe"
dependencies = [
 "zerocopy-derive",
]

[[package]]
name = "zerocopy-derive"
version = "0.8.60"
source = "registry+https://github.com/rust-lang/crates.io-index"
checksum = "99c27cc7525bad4df59a45e073c45b2c2aa820efb588234cc23a547ec69a34db"
dependencies = [
 "proc-macro2",
 "quote",
 "syn 2.0.117",
]
